
Microsoft Visual Studio Solution File, Format Version 12.00
# Visual Studio 15
Project("{FAE04EC0-301F-11D3-BF4B-00C04F79EFBC}") = "Assembly-CSharp", "Assembly-CSharp.csproj", "{F1A5ECC2-2A40-2F89-E1CA-DF95798A5DB0}"
EndProject
Project("{FAE04EC0-301F-11D3-BF4B-00C04F79EFBC}") = "Assembly-CSharp-Editor", "Assembly-CSharp-Editor.csproj", "{24FCD1A0-4905-8112-8310-0A1CD2BCB484}"
EndProject
Global
	GlobalSection(SolutionConfigurationPlatforms) = preSolution
		Debug|Any CPU = Debug|Any CPU
		Release|Any CPU = Release|Any CPU
	EndGlobalSection
	GlobalSection(ProjectConfigurationPlatforms) = postSolution
		{F1A5ECC2-2A40-2F89-E1CA-DF95798A5DB0}.Debug|Any CPU.ActiveCfg = Debug|Any CPU
		{F1A5ECC2-2A40-2F89-E1CA-DF95798A5DB0}.Debug|Any CPU.Build.0 = Debug|Any CPU
		{F1A5ECC2-2A40-2F89-E1CA-DF95798A5DB0}.Release|Any CPU.ActiveCfg = Release|Any CPU
		{F1A5ECC2-2A40-2F89-E1CA-DF95798A5DB0}.Release|Any CPU.Build.0 = Release|Any CPU
		{24FCD1A0-4905-8112-8310-0A1CD2BCB484}.Debug|Any CPU.ActiveCfg = Debug|Any CPU
		{24FCD1A0-4905-8112-8310-0A1CD2BCB484}.Debug|Any CPU.Build.0 = Debug|Any CPU
		{24FCD1A0-4905-8112-8310-0A1CD2BCB484}.Release|Any CPU.ActiveCfg = Release|Any CPU
		{24FCD1A0-4905-8112-8310-0A1CD2BCB484}.Release|Any CPU.Build.0 = Release|Any CPU
	EndGlobalSection
	GlobalSection(SolutionProperties) = preSolution
		HideSolutionNode = FALSE
	EndGlobalSection
EndGlobal
